{
  "nodes": {
    "agenix": {
      "inputs": {
        "nixpkgs": [
          "nixpkgs"
        ]
      },
      "locked": {
        "lastModified": 1665870395,
        "narHash": "sha256-Tsbqb27LDNxOoPLh0gw2hIb6L/6Ow/6lIBvqcHzEKBI=",
        "owner": "ryantm",
        "repo": "agenix",
        "rev": "a630400067c6d03c9b3e0455347dc8559db14288",
        "type": "github"
      },
      "original": {
        "owner": "ryantm",
        "repo": "agenix",
        "type": "github"
      }
    },
    "alejandra": {
      "inputs": {
        "fenix": "fenix",
        "flakeCompat": "flakeCompat",
        "nixpkgs": [
          "nixpkgs"
        ]
      },
      "locked": {
        "lastModified": 1657775466,
        "narHash": "sha256-imWi48JxT7l/1toc7NElP1/CBEbChTQ3n0gjBz6L7so=",
        "owner": "kamadorueda",
        "repo": "alejandra",
        "rev": "142f048ac5cf76bebba8db93a4c8d93b756eb696",
        "type": "github"
      },
      "original": {
        "owner": "kamadorueda",
        "ref": "2.0.0",
        "repo": "alejandra",
        "type": "github"
      }
    },
    "deploy-rs": {
      "inputs": {
        "flake-compat": "flake-compat",
        "nixpkgs": [
          "nixpkgs"
        ],
        "utils": "utils"
      },
      "locked": {
        "lastModified": 1668797197,
        "narHash": "sha256-0w6iD3GSSQbIeSFVDzAAQZB+hDq670ZTms3d9XI+BtM=",
        "owner": "serokell",
        "repo": "deploy-rs",
        "rev": "2a3c5f70eee04a465aa534d8bd4fcc9bb3c4a8ce",
        "type": "github"
      },
      "original": {
        "owner": "serokell",
        "repo": "deploy-rs",
        "type": "github"
      }
    },
    "docker-tools": {
      "inputs": {
        "nixpkgs": [
          "pterodactyl-wings-nix",
          "nixpkgs"
        ]
      },
      "locked": {
        "lastModified": 1645317435,
        "narHash": "sha256-ftMNLgziaUzkP/YcOzhZdl4r/7khs6XDs9z1j66sQA8=",
        "owner": "ZentriaMC",
        "repo": "docker-tools",
        "rev": "24e5e999e9910eddbbe68a98c31c979e72961dbf",
        "type": "github"
      },
      "original": {
        "owner": "ZentriaMC",
        "repo": "docker-tools",
        "type": "github"
      }
    },
    "fenix": {
      "inputs": {
        "nixpkgs": [
          "alejandra",
          "nixpkgs"
        ],
        "rust-analyzer-src": "rust-analyzer-src"
      },
      "locked": {
        "lastModified": 1657607339,
        "narHash": "sha256-HaqoAwlbVVZH2n4P3jN2FFPMpVuhxDy1poNOR7kzODc=",
        "owner": "nix-community",
        "repo": "fenix",
        "rev": "b814c83d9e6aa5a28d0cf356ecfdafb2505ad37d",
        "type": "github"
      },
      "original": {
        "owner": "nix-community",
        "repo": "fenix",
        "type": "github"
      }
    },
    "fenix_2": {
      "inputs": {
        "nixpkgs": [
          "mats-config",
          "nixpkgs"
        ],
        "rust-analyzer-src": "rust-analyzer-src_2"
      },
      "locked": {
        "lastModified": 1670134952,
        "narHash": "sha256-gBIsy/j8Gn5fbVBi7NQBm8QaJyeMt8w3HGJA+WCxKms=",
        "owner": "nix-community",
        "repo": "fenix",
        "rev": "b5f81c8de61e5beb59f5fffb1a958e89a1d01c7c",
        "type": "github"
      },
      "original": {
        "owner": "nix-community",
        "repo": "fenix",
        "type": "github"
      }
    },
    "flake-compat": {
      "flake": false,
      "locked": {
        "lastModified": 1648199409,
        "narHash": "sha256-JwPKdC2PoVBkG6E+eWw3j6BMR6sL3COpYWfif7RVb8Y=",
        "owner": "edolstra",
        "repo": "flake-compat",
        "rev": "64a525ee38886ab9028e6f61790de0832aa3ef03",
        "type": "github"
      },
      "original": {
        "owner": "edolstra",
        "repo": "flake-compat",
        "type": "github"
      }
    },
    "flake-utils": {
      "locked": {
        "lastModified": 1667395993,
        "narHash": "sha256-nuEHfE/LcWyuSWnS8t12N1wc105Qtau+/OdUAjtQ0rA=",
        "owner": "numtide",
        "repo": "flake-utils",
        "rev": "5aed5285a952e0b949eb3ba02c12fa4fcfef535f",
        "type": "github"
      },
      "original": {
        "owner": "numtide",
        "repo": "flake-utils",
        "type": "github"
      }
    },
    "flakeCompat": {
      "flake": false,
      "locked": {
        "lastModified": 1650374568,
        "narHash": "sha256-Z+s0J8/r907g149rllvwhb4pKi8Wam5ij0st8PwAh+E=",
        "owner": "edolstra",
        "repo": "flake-compat",
        "rev": "b4a34015c698c7793d592d66adbab377907a2be8",
        "type": "github"
      },
      "original": {
        "owner": "edolstra",
        "repo": "flake-compat",
        "type": "github"
      }
    },
    "git-crypt-agessh": {
      "inputs": {
        "nixpkgs": [
          "nixpkgs"
        ],
        "utils": "utils_2"
      },
      "locked": {
        "lastModified": 1668317421,
        "narHash": "sha256-gcXcMuwRcrr+6JUijypb01lkqn2m9aj7tmSqgvPJBEs=",
        "owner": "mtoohey31",
        "repo": "git-crypt-agessh",
        "rev": "8021cf451fd6d3d403c5f785e4d1ea13bed57070",
        "type": "github"
      },
      "original": {
        "owner": "mtoohey31",
        "repo": "git-crypt-agessh",
        "type": "github"
      }
    },
    "home-manager": {
      "inputs": {
        "nixpkgs": [
          "nixpkgs"
        ],
        "utils": "utils_3"
      },
      "locked": {
        "lastModified": 1670513770,
        "narHash": "sha256-muL74fsbGA8K8WlZSPNWddOiuBnC54kAajncX6nXrh4=",
        "owner": "nix-community",
        "repo": "home-manager",
        "rev": "054d9e3187ca00479e8036dc0e92900a384f30fd",
        "type": "github"
      },
      "original": {
        "owner": "nix-community",
        "repo": "home-manager",
        "type": "github"
      }
    },
    "mats-config": {
      "inputs": {
        "fenix": "fenix_2",
        "home-manager": [
          "home-manager"
        ],
        "nixpkgs": [
          "nixpkgs"
        ],
        "nur": [
          "nur"
        ]
      },
      "locked": {
        "lastModified": 1670767987,
        "narHash": "sha256-ip6KndX2QCQGEXSImQ2Uq9g035yLU+UI8m5iJWkXnWI=",
        "owner": "Myaats",
        "repo": "system",
        "rev": "d8f7cfe42aae13c4faa9f954d0a84827f42244bc",
        "type": "github"
      },
      "original": {
        "owner": "Myaats",
        "repo": "system",
        "type": "github"
      }
    },
    "nix-index-database": {
      "locked": {
        "lastModified": 1670730290,
        "narHash": "sha256-wNeXBgQM82YPQCE4AoLV/5K0TeeViy6w1U4R4V0azek=",
        "owner": "mic92",
        "repo": "nix-index-database",
        "rev": "b23c44355693a56665d704650cae08612a8c88ce",
        "type": "github"
      },
      "original": {
        "owner": "mic92",
        "repo": "nix-index-database",
        "type": "github"
      }
    },
    "nixpkgs": {
      "locked": {
        "lastModified": 1670751203,
        "narHash": "sha256-XdoH1v3shKDGlrwjgrNX/EN8s3c+kQV7xY6cLCE8vcI=",
        "owner": "nixos",
        "repo": "nixpkgs",
        "rev": "64e0bf055f9d25928c31fb12924e59ff8ce71e60",
        "type": "github"
      },
      "original": {
        "owner": "nixos",
        "ref": "nixos-unstable",
        "repo": "nixpkgs",
        "type": "github"
      }
    },
    "nixpkgs-stable": {
      "locked": {
        "lastModified": 1670772952,
        "narHash": "sha256-b7V3cGtMNcQ5c6hwRqqX+eIuNUj+O3orsb64BKPR9yc=",
        "owner": "nixos",
        "repo": "nixpkgs",
        "rev": "dfef2e61107dc19c211ead99a5a61374ad8317f4",
        "type": "github"
      },
      "original": {
        "owner": "nixos",
        "ref": "nixos-22.11",
        "repo": "nixpkgs",
        "type": "github"
      }
    },
    "nur": {
      "locked": {
        "lastModified": 1670819416,
        "narHash": "sha256-ja1livEv48Y3piLmdKo0T+1cUHdSfmaHXOxOxJNbneA=",
        "owner": "nix-community",
        "repo": "NUR",
        "rev": "068395203bcc46e2ed19843f508383982b153271",
        "type": "github"
      },
      "original": {
        "owner": "nix-community",
        "repo": "NUR",
        "type": "github"
      }
    },
    "packwiz": {
      "inputs": {
        "nixpkgs": [
          "nixpkgs"
        ]
      },
      "locked": {
        "lastModified": 1669612870,
        "narHash": "sha256-VU2Bjx4RBd/LPL62sfXc9XwPiCn2qvllNsT2Ptee4UU=",
        "owner": "packwiz",
        "repo": "packwiz",
        "rev": "791bfcc30f6868086580fabdf4d797bc02b1554b",
        "type": "github"
      },
      "original": {
        "owner": "packwiz",
        "repo": "packwiz",
        "type": "github"
      }
    },
    "pterodactyl-wings-nix": {
      "inputs": {
        "docker-tools": "docker-tools",
        "flake-utils": "flake-utils",
        "nixpkgs": [
          "nixpkgs"
        ]
      },
      "locked": {
        "lastModified": 1669622404,
        "narHash": "sha256-7rZt3x8roQBSHYmNR+4L3JuGtWR0GgBxJaAiS3ci7Gs=",
        "owner": "ZentriaMC",
        "repo": "pterodactyl-wings-nix",
        "rev": "30c28940833a35cf92e45c678a3b0de3475ecb43",
        "type": "github"
      },
      "original": {
        "owner": "ZentriaMC",
        "repo": "pterodactyl-wings-nix",
        "type": "github"
      }
    },
    "root": {
      "inputs": {
        "agenix": "agenix",
        "alejandra": "alejandra",
        "deploy-rs": "deploy-rs",
        "git-crypt-agessh": "git-crypt-agessh",
        "home-manager": "home-manager",
        "mats-config": "mats-config",
        "nix-index-database": "nix-index-database",
        "nixpkgs": "nixpkgs",
        "nixpkgs-stable": "nixpkgs-stable",
        "nur": "nur",
        "packwiz": "packwiz",
        "pterodactyl-wings-nix": "pterodactyl-wings-nix"
      }
    },
    "rust-analyzer-src": {
      "flake": false,
      "locked": {
        "lastModified": 1657557289,
        "narHash": "sha256-PRW+nUwuqNTRAEa83SfX+7g+g8nQ+2MMbasQ9nt6+UM=",
        "owner": "rust-lang",
        "repo": "rust-analyzer",
        "rev": "caf23f29144b371035b864a1017dbc32573ad56d",
        "type": "github"
      },
      "original": {
        "owner": "rust-lang",
        "ref": "nightly",
        "repo": "rust-analyzer",
        "type": "github"
      }
    },
    "rust-analyzer-src_2": {
      "flake": false,
      "locked": {
        "lastModified": 1670092953,
        "narHash": "sha256-1CKCQBKCLsZk+rvdQaMLeerLmFP+ZELIB+PATaRc1PY=",
        "owner": "rust-lang",
        "repo": "rust-analyzer",
        "rev": "957b4bb2164e57a58d7e6cb5b4915b298dab9391",
        "type": "github"
      },
      "original": {
        "owner": "rust-lang",
        "ref": "nightly",
        "repo": "rust-analyzer",
        "type": "github"
      }
    },
    "utils": {
      "locked": {
        "lastModified": 1648297722,
        "narHash": "sha256-W+qlPsiZd8F3XkzXOzAoR+mpFqzm3ekQkJNa+PIh1BQ=",
        "owner": "numtide",
        "repo": "flake-utils",
        "rev": "0f8662f1319ad6abf89b3380dd2722369fc51ade",
        "type": "github"
      },
      "original": {
        "owner": "numtide",
        "repo": "flake-utils",
        "type": "github"
      }
    },
    "utils_2": {
      "locked": {
        "lastModified": 1649676176,
        "narHash": "sha256-OWKJratjt2RW151VUlJPRALb7OU2S5s+f0vLj4o1bHM=",
        "owner": "numtide",
        "repo": "flake-utils",
        "rev": "a4b154ebbdc88c8498a5c7b01589addc9e9cb678",
        "type": "github"
      },
      "original": {
        "owner": "numtide",
        "repo": "flake-utils",
        "type": "github"
      }
    },
    "utils_3": {
      "locked": {
        "lastModified": 1667395993,
        "narHash": "sha256-nuEHfE/LcWyuSWnS8t12N1wc105Qtau+/OdUAjtQ0rA=",
        "owner": "numtide",
        "repo": "flake-utils",
        "rev": "5aed5285a952e0b949eb3ba02c12fa4fcfef535f",
        "type": "github"
      },
      "original": {
        "owner": "numtide",
        "repo": "flake-utils",
        "type": "github"
      }
    }
  },
  "root": "root",
  "version": 7
}
