{
  "nodes": {
    "agenix": {
      "inputs": {
        "nixpkgs": [
          "nixpkgs"
        ]
      },
      "locked": {
        "lastModified": 1665870395,
        "narHash": "sha256-Tsbqb27LDNxOoPLh0gw2hIb6L/6Ow/6lIBvqcHzEKBI=",
        "owner": "ryantm",
        "repo": "agenix",
        "rev": "a630400067c6d03c9b3e0455347dc8559db14288",
        "type": "github"
      },
      "original": {
        "owner": "ryantm",
        "repo": "agenix",
        "type": "github"
      }
    },
    "alejandra": {
      "inputs": {
        "fenix": "fenix",
        "flakeCompat": "flakeCompat",
        "nixpkgs": [
          "nixpkgs"
        ]
      },
      "locked": {
        "lastModified": 1657775466,
        "narHash": "sha256-imWi48JxT7l/1toc7NElP1/CBEbChTQ3n0gjBz6L7so=",
        "owner": "kamadorueda",
        "repo": "alejandra",
        "rev": "142f048ac5cf76bebba8db93a4c8d93b756eb696",
        "type": "github"
      },
      "original": {
        "owner": "kamadorueda",
        "ref": "2.0.0",
        "repo": "alejandra",
        "type": "github"
      }
    },
    "deploy-rs": {
      "inputs": {
        "flake-compat": "flake-compat",
        "nixpkgs": [
          "nixpkgs"
        ],
        "utils": "utils"
      },
      "locked": {
        "lastModified": 1659725433,
        "narHash": "sha256-1ZxuK67TL29YLw88vQ18Y2Y6iYg8Jb7I6/HVzmNB6nM=",
        "owner": "serokell",
        "repo": "deploy-rs",
        "rev": "41f15759dd8b638e7b4f299730d94d5aa46ab7eb",
        "type": "github"
      },
      "original": {
        "owner": "serokell",
        "repo": "deploy-rs",
        "type": "github"
      }
    },
    "docker-tools": {
      "inputs": {
        "nixpkgs": [
          "pterodactyl-wings-nix",
          "nixpkgs"
        ]
      },
      "locked": {
        "lastModified": 1644953486,
        "narHash": "sha256-sXMeN/VGcpn6cGw+CRQzDX226v3wpwXGgD9WFh44yXI=",
        "owner": "ZentriaMC",
        "repo": "docker-tools",
        "rev": "158e8a76cae65a7f843a4623a73e9d95564859de",
        "type": "github"
      },
      "original": {
        "owner": "ZentriaMC",
        "repo": "docker-tools",
        "type": "github"
      }
    },
    "fenix": {
      "inputs": {
        "nixpkgs": [
          "alejandra",
          "nixpkgs"
        ],
        "rust-analyzer-src": "rust-analyzer-src"
      },
      "locked": {
        "lastModified": 1657607339,
        "narHash": "sha256-HaqoAwlbVVZH2n4P3jN2FFPMpVuhxDy1poNOR7kzODc=",
        "owner": "nix-community",
        "repo": "fenix",
        "rev": "b814c83d9e6aa5a28d0cf356ecfdafb2505ad37d",
        "type": "github"
      },
      "original": {
        "owner": "nix-community",
        "repo": "fenix",
        "type": "github"
      }
    },
    "flake-compat": {
      "flake": false,
      "locked": {
        "lastModified": 1648199409,
        "narHash": "sha256-JwPKdC2PoVBkG6E+eWw3j6BMR6sL3COpYWfif7RVb8Y=",
        "owner": "edolstra",
        "repo": "flake-compat",
        "rev": "64a525ee38886ab9028e6f61790de0832aa3ef03",
        "type": "github"
      },
      "original": {
        "owner": "edolstra",
        "repo": "flake-compat",
        "type": "github"
      }
    },
    "flake-utils": {
      "locked": {
        "lastModified": 1644229661,
        "narHash": "sha256-1YdnJAsNy69bpcjuoKdOYQX0YxZBiCYZo4Twxerqv7k=",
        "owner": "numtide",
        "repo": "flake-utils",
        "rev": "3cecb5b042f7f209c56ffd8371b2711a290ec797",
        "type": "github"
      },
      "original": {
        "owner": "numtide",
        "repo": "flake-utils",
        "type": "github"
      }
    },
    "flakeCompat": {
      "flake": false,
      "locked": {
        "lastModified": 1650374568,
        "narHash": "sha256-Z+s0J8/r907g149rllvwhb4pKi8Wam5ij0st8PwAh+E=",
        "owner": "edolstra",
        "repo": "flake-compat",
        "rev": "b4a34015c698c7793d592d66adbab377907a2be8",
        "type": "github"
      },
      "original": {
        "owner": "edolstra",
        "repo": "flake-compat",
        "type": "github"
      }
    },
    "git-crypt-agessh": {
      "inputs": {
        "nixpkgs": [
          "nixpkgs"
        ],
        "utils": "utils_2"
      },
      "locked": {
        "lastModified": 1651509804,
        "narHash": "sha256-cHZ+90dcvL7Um7vUROiRD90L+d9I2curZ0tTuw9NIq4=",
        "owner": "mtoohey31",
        "repo": "git-crypt-agessh",
        "rev": "9965d84ea97ad2eb0e3f8afd00001316c53a5603",
        "type": "github"
      },
      "original": {
        "owner": "mtoohey31",
        "repo": "git-crypt-agessh",
        "type": "github"
      }
    },
    "home-manager": {
      "inputs": {
        "nixpkgs": [
          "nixpkgs"
        ],
        "utils": "utils_3"
      },
      "locked": {
        "lastModified": 1666903647,
        "narHash": "sha256-sFI1Gh9DTGzHnBINondupUGYbe+T0wZcpcZjkW0qffM=",
        "owner": "nix-community",
        "repo": "home-manager",
        "rev": "213a06295dff96668a1d673b9fd1c03ce1de6745",
        "type": "github"
      },
      "original": {
        "owner": "nix-community",
        "repo": "home-manager",
        "type": "github"
      }
    },
    "nix-index-database": {
      "locked": {
        "lastModified": 1666685883,
        "narHash": "sha256-rLDeUmBklae5IEvmFk0LSHpUl0AE1qsScZmEDr5JMR8=",
        "owner": "mic92",
        "repo": "nix-index-database",
        "rev": "6a7f3f06fb502aafbbd5447c95ce86c45b4dd3dc",
        "type": "github"
      },
      "original": {
        "owner": "mic92",
        "repo": "nix-index-database",
        "type": "github"
      }
    },
    "nixpkgs": {
      "locked": {
        "lastModified": 1666869603,
        "narHash": "sha256-3V53or4Vpu4+LrGfGSh3T2V8+qf5RP6nRuex9GywkwE=",
        "owner": "nixos",
        "repo": "nixpkgs",
        "rev": "2001e2b31c565bcdf7bc13062b8d7cfccaca05b8",
        "type": "github"
      },
      "original": {
        "owner": "nixos",
        "ref": "nixos-unstable",
        "repo": "nixpkgs",
        "type": "github"
      }
    },
    "nixpkgs-stable": {
      "locked": {
        "lastModified": 1666867875,
        "narHash": "sha256-3nD7iQXd/J6KjkT8IjozTuA5p8qjiLKTxvOUmH+AzNM=",
        "owner": "nixos",
        "repo": "nixpkgs",
        "rev": "c132d0837dfb9035701dcd8fc91786c605c855c3",
        "type": "github"
      },
      "original": {
        "owner": "nixos",
        "ref": "nixos-22.05",
        "repo": "nixpkgs",
        "type": "github"
      }
    },
    "nur": {
      "locked": {
        "lastModified": 1666973172,
        "narHash": "sha256-sV8tj23M3tEk+iDLkRZsPiIj+fExjcGoNH3jYhFC2L8=",
        "owner": "nix-community",
        "repo": "NUR",
        "rev": "3258b0551f4cdb5e13ecf09c285b9f1eced71be7",
        "type": "github"
      },
      "original": {
        "owner": "nix-community",
        "repo": "NUR",
        "type": "github"
      }
    },
    "packwiz": {
      "inputs": {
        "nixpkgs": [
          "nixpkgs"
        ]
      },
      "locked": {
        "lastModified": 1665447544,
        "narHash": "sha256-YpihFWdcKfHJLEs+jHzHH7G+m/E8i5y2yp7IubObNhY=",
        "owner": "packwiz",
        "repo": "packwiz",
        "rev": "f00dc9844ffdd6ee5c0526a79b0084429e9cb130",
        "type": "github"
      },
      "original": {
        "owner": "packwiz",
        "repo": "packwiz",
        "type": "github"
      }
    },
    "pterodactyl-wings-nix": {
      "inputs": {
        "docker-tools": "docker-tools",
        "flake-utils": "flake-utils",
        "nixpkgs": [
          "nixpkgs"
        ]
      },
      "locked": {
        "lastModified": 1644958357,
        "narHash": "sha256-5VuRBBRX9f8B4EYtnAUyIP92GAR/BZiw6n4pPzjpK1A=",
        "owner": "ZentriaMC",
        "repo": "pterodactyl-wings-nix",
        "rev": "684b099c6138e79d1ed61b047fe5c4cdbb7dd329",
        "type": "github"
      },
      "original": {
        "owner": "ZentriaMC",
        "repo": "pterodactyl-wings-nix",
        "type": "github"
      }
    },
    "root": {
      "inputs": {
        "agenix": "agenix",
        "alejandra": "alejandra",
        "deploy-rs": "deploy-rs",
        "git-crypt-agessh": "git-crypt-agessh",
        "home-manager": "home-manager",
        "nix-index-database": "nix-index-database",
        "nixpkgs": "nixpkgs",
        "nixpkgs-stable": "nixpkgs-stable",
        "nur": "nur",
        "packwiz": "packwiz",
        "pterodactyl-wings-nix": "pterodactyl-wings-nix"
      }
    },
    "rust-analyzer-src": {
      "flake": false,
      "locked": {
        "lastModified": 1657557289,
        "narHash": "sha256-PRW+nUwuqNTRAEa83SfX+7g+g8nQ+2MMbasQ9nt6+UM=",
        "owner": "rust-lang",
        "repo": "rust-analyzer",
        "rev": "caf23f29144b371035b864a1017dbc32573ad56d",
        "type": "github"
      },
      "original": {
        "owner": "rust-lang",
        "ref": "nightly",
        "repo": "rust-analyzer",
        "type": "github"
      }
    },
    "utils": {
      "locked": {
        "lastModified": 1648297722,
        "narHash": "sha256-W+qlPsiZd8F3XkzXOzAoR+mpFqzm3ekQkJNa+PIh1BQ=",
        "owner": "numtide",
        "repo": "flake-utils",
        "rev": "0f8662f1319ad6abf89b3380dd2722369fc51ade",
        "type": "github"
      },
      "original": {
        "owner": "numtide",
        "repo": "flake-utils",
        "type": "github"
      }
    },
    "utils_2": {
      "locked": {
        "lastModified": 1649676176,
        "narHash": "sha256-OWKJratjt2RW151VUlJPRALb7OU2S5s+f0vLj4o1bHM=",
        "owner": "numtide",
        "repo": "flake-utils",
        "rev": "a4b154ebbdc88c8498a5c7b01589addc9e9cb678",
        "type": "github"
      },
      "original": {
        "owner": "numtide",
        "repo": "flake-utils",
        "type": "github"
      }
    },
    "utils_3": {
      "locked": {
        "lastModified": 1659877975,
        "narHash": "sha256-zllb8aq3YO3h8B/U0/J1WBgAL8EX5yWf5pMj3G0NAmc=",
        "owner": "numtide",
        "repo": "flake-utils",
        "rev": "c0e246b9b83f637f4681389ecabcb2681b4f3af0",
        "type": "github"
      },
      "original": {
        "owner": "numtide",
        "repo": "flake-utils",
        "type": "github"
      }
    }
  },
  "root": "root",
  "version": 7
}
